// !$*UTF8*$!
{
	archiveVersion = 1;
	classes = {
	};
	objectVersion = 77;
	objects = {

/* Begin PBXBuildFile section */
		25E42AB42F12423000067344 /* ConvexClerk in Frameworks */ = {isa = PBXBuildFile; productRef = 25E42AB32F12423000067344 /* ConvexClerk */; };
		25E42AB62F1249FC00067344 /* Config.xcconfig in Resources */ = {isa = PBXBuildFile; fileRef = 25E42AB52F1249FB00067344 /* Config.xcconfig */; };
		C56DE0BE2EF38F5E00AB086D /* ConvexMobile in Frameworks */ = {isa = PBXBuildFile; productRef = C56DE0BD2EF38F5E00AB086D /* ConvexMobile */; };
		CC5718382E2020490042BA88 /* OpenAI in Frameworks */ = {isa = PBXBuildFile; productRef = CC5718372E2020490042BA88 /* OpenAI */; };
		CCBA53E72E212F1C00469D84 /* Sparkle in Frameworks */ = {isa = PBXBuildFile; productRef = CCBA53E62E212F1C00469D84 /* Sparkle */; };
		CCC33F812E236B6F00EDE382 /* PostHog in Frameworks */ = {isa = PBXBuildFile; productRef = CCC33F802E236B6F00EDE382 /* PostHog */; };
/* End PBXBuildFile section */

/* Begin PBXContainerItemProxy section */
		D0A000000000000000000107 /* PBXContainerItemProxy */ = {
			isa = PBXContainerItemProxy;
			containerPortal = CC5718102E201D8D0042BA88 /* Project object */;
			proxyType = 1;
			remoteGlobalIDString = CC5718172E201D8D0042BA88;
			remoteInfo = audora;
		};
/* End PBXContainerItemProxy section */

/* Begin PBXFileReference section */
		25E42AB52F1249FB00067344 /* Config.xcconfig */ = {isa = PBXFileReference; lastKnownFileType = text.xcconfig; path = Config.xcconfig; sourceTree = "<group>"; };
		CC5718182E201D8D0042BA88 /* audora.app */ = {isa = PBXFileReference; explicitFileType = wrapper.application; includeInIndex = 0; path = audora.app; sourceTree = BUILT_PRODUCTS_DIR; };
		D0A000000000000000000101 /* audoraTests.xctest */ = {isa = PBXFileReference; explicitFileType = wrapper.cfbundle; includeInIndex = 0; path = audoraTests.xctest; sourceTree = BUILT_PRODUCTS_DIR; };
/* End PBXFileReference section */

/* Begin PBXFileSystemSynchronizedRootGroup section */
		CC57181A2E201D8D0042BA88 /* audora */ = {
			isa = PBXFileSystemSynchronizedRootGroup;
			path = audora;
			sourceTree = "<group>";
		};
		D0A000000000000000000102 /* audoraTests */ = {
			isa = PBXFileSystemSynchronizedRootGroup;
			path = audoraTests;
			sourceTree = "<group>";
		};
/* End PBXFileSystemSynchronizedRootGroup section */

/* Begin PBXFrameworksBuildPhase section */
		CC5718152E201D8D0042BA88 /* Frameworks */ = {
			isa = PBXFrameworksBuildPhase;
			buildActionMask = 2147483647;
			files = (
				CCC33F812E236B6F00EDE382 /* PostHog in Frameworks */,
				CC5718382E2020490042BA88 /* OpenAI in Frameworks */,
				CCBA53E72E212F1C00469D84 /* Sparkle in Frameworks */,
				C56DE0BE2EF38F5E00AB086D /* ConvexMobile in Frameworks */,
				25E42AB42F12423000067344 /* ConvexClerk in Frameworks */,
			);
			runOnlyForDeploymentPostprocessing = 0;
		};
		D0A000000000000000000103 /* Frameworks */ = {
			isa = PBXFrameworksBuildPhase;
			buildActionMask = 2147483647;
			files = (
			);
			runOnlyForDeploymentPostprocessing = 0;
		};
/* End PBXFrameworksBuildPhase section */

/* Begin PBXGroup section */
		CC57180F2E201D8D0042BA88 = {
			isa = PBXGroup;
			children = (
				CC57181A2E201D8D0042BA88 /* audora */,
				D0A000000000000000000102 /* audoraTests */,
				CC7816BF2E22093900101A90 /* Frameworks */,
				CC5718192E201D8D0042BA88 /* Products */,
				25E42AB52F1249FB00067344 /* Config.xcconfig */,
			);
			sourceTree = "<group>";
		};
		CC5718192E201D8D0042BA88 /* Products */ = {
			isa = PBXGroup;
			children = (
				CC5718182E201D8D0042BA88 /* audora.app */,
				D0A000000000000000000101 /* audoraTests.xctest */,
			);
			name = Products;
			sourceTree = "<group>";
		};
		CC7816BF2E22093900101A90 /* Frameworks */ = {
			isa = PBXGroup;
			children = (
			);
			name = Frameworks;
			sourceTree = "<group>";
		};
/* End PBXGroup section */

/* Begin PBXNativeTarget section */
		CC5718172E201D8D0042BA88 /* audora */ = {
			isa = PBXNativeTarget;
			buildConfigurationList = CC5718272E201D8E0042BA88 /* Build configuration list for PBXNativeTarget "audora" */;
			buildPhases = (
				CC5718142E201D8D0042BA88 /* Sources */,
				CC5718152E201D8D0042BA88 /* Frameworks */,
				CC5718162E201D8D0042BA88 /* Resources */,
			);
			buildRules = (
			);
			dependencies = (
			);
			fileSystemSynchronizedGroups = (
				CC57181A2E201D8D0042BA88 /* audora */,
			);
			name = audora;
			packageProductDependencies = (
				CC5718372E2020490042BA88 /* OpenAI */,
				CCBA53E62E212F1C00469D84 /* Sparkle */,
				CCC33F802E236B6F00EDE382 /* PostHog */,
				C56DE0BD2EF38F5E00AB086D /* ConvexMobile */,
				25E42AB32F12423000067344 /* ConvexClerk */,
			);
			productName = audora;
			productReference = CC5718182E201D8D0042BA88 /* audora.app */;
			productType = "com.apple.product-type.application";
		};
		D0A000000000000000000104 /* audoraTests */ = {
			isa = PBXNativeTarget;
			buildConfigurationList = D0A00000000000000000010B /* Build configuration list for PBXNativeTarget "audoraTests" */;
			buildPhases = (
				D0A000000000000000000106 /* Sources */,
				D0A000000000000000000103 /* Frameworks */,
				D0A000000000000000000105 /* Resources */,
			);
			buildRules = (
			);
			dependencies = (
				D0A000000000000000000108 /* PBXTargetDependency */,
			);
			fileSystemSynchronizedGroups = (
				D0A000000000000000000102 /* audoraTests */,
			);
			name = audoraTests;
			packageProductDependencies = (
			);
			productName = audoraTests;
			productReference = D0A000000000000000000101 /* audoraTests.xctest */;
			productType = "com.apple.product-type.bundle.unit-test";
		};
/* End PBXNativeTarget section */

/* Begin PBXProject section */
		CC5718102E201D8D0042BA88 /* Project object */ = {
			isa = PBXProject;
			attributes = {
				BuildIndependentTargetsInParallel = 1;
				LastSwiftUpdateCheck = 1600;
				LastUpgradeCheck = 1600;
				TargetAttributes = {
					CC5718172E201D8D0042BA88 = {
						CreatedOnToolsVersion = 16.0;
					};
					D0A000000000000000000104 = {
						CreatedOnToolsVersion = 16.0;
						TestTargetID = CC5718172E201D8D0042BA88;
					};
				};
			};
			buildConfigurationList = CC5718132E201D8D0042BA88 /* Build configuration list for PBXProject "audora" */;
			developmentRegion = en;
			hasScannedForEncodings = 0;
			knownRegions = (
				en,
				Base,
			);
			mainGroup = CC57180F2E201D8D0042BA88;
			minimizedProjectReferenceProxies = 1;
			packageReferences = (
				CC5718362E2020490042BA88 /* XCRemoteSwiftPackageReference "OpenAI" */,
				CCBA53E52E212F1C00469D84 /* XCRemoteSwiftPackageReference "Sparkle" */,
				CCC33F7F2E236B6F00EDE382 /* XCRemoteSwiftPackageReference "posthog-ios" */,
				C56DE0BC2EF38F5E00AB086D /* XCRemoteSwiftPackageReference "convex-swift" */,
				25E42AB22F12423000067344 /* XCRemoteSwiftPackageReference "convex-swift-clerk" */,
			);
			preferredProjectObjectVersion = 77;
			productRefGroup = CC5718192E201D8D0042BA88 /* Products */;
			projectDirPath = "";
			projectRoot = "";
			targets = (
				CC5718172E201D8D0042BA88 /* audora */,
				D0A000000000000000000104 /* audoraTests */,
			);
		};
/* End PBXProject section */

/* Begin PBXResourcesBuildPhase section */
		CC5718162E201D8D0042BA88 /* Resources */ = {
			isa = PBXResourcesBuildPhase;
			buildActionMask = 2147483647;
			files = (
				25E42AB62F1249FC00067344 /* Config.xcconfig in Resources */,
			);
			runOnlyForDeploymentPostprocessing = 0;
		};
		D0A000000000000000000105 /* Resources */ = {
			isa = PBXResourcesBuildPhase;
			buildActionMask = 2147483647;
			files = (
			);
			runOnlyForDeploymentPostprocessing = 0;
		};
/* End PBXResourcesBuildPhase section */

/* Begin PBXSourcesBuildPhase section */
		CC5718142E201D8D0042BA88 /* Sources */ = {
			isa = PBXSourcesBuildPhase;
			buildActionMask = 2147483647;
			files = (
			);
			runOnlyForDeploymentPostprocessing = 0;
		};
		D0A000000000000000000106 /* Sources */ = {
			isa = PBXSourcesBuildPhase;
			buildActionMask = 2147483647;
			files = (
			);
			runOnlyForDeploymentPostprocessing = 0;
		};
/* End PBXSourcesBuildPhase section */

/* Begin PBXTargetDependency section */
		D0A000000000000000000108 /* PBXTargetDependency */ = {
			isa = PBXTargetDependency;
			target = CC5718172E201D8D0042BA88 /* audora */;
			targetProxy = D0A000000000000000000107 /* PBXContainerItemProxy */;
		};
/* End PBXTargetDependency section */

/* Begin XCBuildConfiguration section */
		CC5718252E201D8E0042BA88 /* Debug */ = {
			isa = XCBuildConfiguration;
			baseConfigurationReference = 25E42AB52F1249FB00067344 /* Config.xcconfig */;
			buildSettings = {
				ALWAYS_SEARCH_USER_PATHS = NO;
				ASSETCATALOG_COMPILER_GENERATE_SWIFT_ASSET_SYMBOL_EXTENSIONS = YES;
				CLANG_ANALYZER_NONNULL = YES;
				CLANG_ANALYZER_NUMBER_OBJECT_CONVERSION = YES_AGGRESSIVE;
				CLANG_CXX_LANGUAGE_STANDARD = "gnu++20";
				CLANG_ENABLE_MODULES = YES;
				CLANG_ENABLE_OBJC_ARC = YES;
				CLANG_ENABLE_OBJC_WEAK = YES;
				CLANG_WARN_BLOCK_CAPTURE_AUTORELEASING = YES;
				CLANG_WARN_BOOL_CONVERSION = YES;
				CLANG_WARN_COMMA = YES;
				CLANG_WARN_CONSTANT_CONVERSION = YES;
				CLANG_WARN_DEPRECATED_OBJC_IMPLEMENTATIONS = YES;
				CLANG_WARN_DIRECT_OBJC_ISA_USAGE = YES_ERROR;
				CLANG_WARN_DOCUMENTATION_COMMENTS = YES;
				CLANG_WARN_EMPTY_BODY = YES;
				CLANG_WARN_ENUM_CONVERSION = YES;
				CLANG_WARN_INFINITE_RECURSION = YES;
				CLANG_WARN_INT_CONVERSION = YES;
				CLANG_WARN_NON_LITERAL_NULL_CONVERSION = YES;
				CLANG_WARN_OBJC_IMPLICIT_RETAIN_SELF = YES;
				CLANG_WARN_OBJC_LITERAL_CONVERSION = YES;
				CLANG_WARN_OBJC_ROOT_CLASS = YES_ERROR;
				CLANG_WARN_QUOTED_INCLUDE_IN_FRAMEWORK_HEADER = YES;
				CLANG_WARN_RANGE_LOOP_ANALYSIS = YES;
				CLANG_WARN_STRICT_PROTOTYPES = YES;
				CLANG_WARN_SUSPICIOUS_MOVE = YES;
				CLANG_WARN_UNGUARDED_AVAILABILITY = YES_AGGRESSIVE;
				CLANG_WARN_UNREACHABLE_CODE = YES;
				CLANG_WARN__DUPLICATE_METHOD_MATCH = YES;
				COPY_PHASE_STRIP = NO;
				DEBUG_INFORMATION_FORMAT = dwarf;
				ENABLE_STRICT_OBJC_MSGSEND = YES;
				ENABLE_TESTABILITY = YES;
				ENABLE_USER_SCRIPT_SANDBOXING = YES;
				GCC_C_LANGUAGE_STANDARD = gnu17;
				GCC_DYNAMIC_NO_PIC = NO;
				GCC_NO_COMMON_BLOCKS = YES;
				GCC_OPTIMIZATION_LEVEL = 0;
				GCC_PREPROCESSOR_DEFINITIONS = (
					"DEBUG=1",
					"$(inherited)",
				);
				GCC_WARN_64_TO_32_BIT_CONVERSION = YES;
				GCC_WARN_ABOUT_RETURN_TYPE = YES_ERROR;
				GCC_WARN_UNDECLARED_SELECTOR = YES;
				GCC_WARN_UNINITIALIZED_AUTOS = YES_AGGRESSIVE;
				GCC_WARN_UNUSED_FUNCTION = YES;
				GCC_WARN_UNUSED_VARIABLE = YES;
				LOCALIZATION_PREFERS_STRING_CATALOGS = YES;
				MACOSX_DEPLOYMENT_TARGET = 14.0;
				MTL_ENABLE_DEBUG_INFO = INCLUDE_SOURCE;
				MTL_FAST_MATH = YES;
				ONLY_ACTIVE_ARCH = YES;
				SDKROOT = macosx;
				SWIFT_ACTIVE_COMPILATION_CONDITIONS = "DEBUG $(inherited)";
				SWIFT_OPTIMIZATION_LEVEL = "-Onone";
			};
			name = Debug;
		};
		CC5718262E201D8E0042BA88 /* Release */ = {
			isa = XCBuildConfiguration;
			baseConfigurationReference = 25E42AB52F1249FB00067344 /* Config.xcconfig */;
			buildSettings = {
				ALWAYS_SEARCH_USER_PATHS = NO;
				ASSETCATALOG_COMPILER_GENERATE_SWIFT_ASSET_SYMBOL_EXTENSIONS = YES;
				CLANG_ANALYZER_NONNULL = YES;
				CLANG_ANALYZER_NUMBER_OBJECT_CONVERSION = YES_AGGRESSIVE;
				CLANG_CXX_LANGUAGE_STANDARD = "gnu++20";
				CLANG_ENABLE_MODULES = YES;
				CLANG_ENABLE_OBJC_ARC = YES;
				CLANG_ENABLE_OBJC_WEAK = YES;
				CLANG_WARN_BLOCK_CAPTURE_AUTORELEASING = YES;
				CLANG_WARN_BOOL_CONVERSION = YES;
				CLANG_WARN_COMMA = YES;
				CLANG_WARN_CONSTANT_CONVERSION = YES;
				CLANG_WARN_DEPRECATED_OBJC_IMPLEMENTATIONS = YES;
				CLANG_WARN_DIRECT_OBJC_ISA_USAGE = YES_ERROR;
				CLANG_WARN_DOCUMENTATION_COMMENTS = YES;
				CLANG_WARN_EMPTY_BODY = YES;
				CLANG_WARN_ENUM_CONVERSION = YES;
				CLANG_WARN_INFINITE_RECURSION = YES;
				CLANG_WARN_INT_CONVERSION = YES;
				CLANG_WARN_NON_LITERAL_NULL_CONVERSION = YES;
				CLANG_WARN_OBJC_IMPLICIT_RETAIN_SELF = YES;
				CLANG_WARN_OBJC_LITERAL_CONVERSION = YES;
				CLANG_WARN_OBJC_ROOT_CLASS = YES_ERROR;
				CLANG_WARN_QUOTED_INCLUDE_IN_FRAMEWORK_HEADER = YES;
				CLANG_WARN_RANGE_LOOP_ANALYSIS = YES;
				CLANG_WARN_STRICT_PROTOTYPES = YES;
				CLANG_WARN_SUSPICIOUS_MOVE = YES;
				CLANG_WARN_UNGUARDED_AVAILABILITY = YES_AGGRESSIVE;
				CLANG_WARN_UNREACHABLE_CODE = YES;
				CLANG_WARN__DUPLICATE_METHOD_MATCH = YES;
				COPY_PHASE_STRIP = NO;
				DEBUG_INFORMATION_FORMAT = "dwarf-with-dsym";
				ENABLE_NS_ASSERTIONS = NO;
				ENABLE_STRICT_OBJC_MSGSEND = YES;
				ENABLE_USER_SCRIPT_SANDBOXING = YES;
				GCC_C_LANGUAGE_STANDARD = gnu17;
				GCC_NO_COMMON_BLOCKS = YES;
				GCC_WARN_64_TO_32_BIT_CONVERSION = YES;
				GCC_WARN_ABOUT_RETURN_TYPE = YES_ERROR;
				GCC_WARN_UNDECLARED_SELECTOR = YES;
				GCC_WARN_UNINITIALIZED_AUTOS = YES_AGGRESSIVE;
				GCC_WARN_UNUSED_FUNCTION = YES;
				GCC_WARN_UNUSED_VARIABLE = YES;
				LOCALIZATION_PREFERS_STRING_CATALOGS = YES;
				MACOSX_DEPLOYMENT_TARGET = 14.0;
				MTL_ENABLE_DEBUG_INFO = NO;
				MTL_FAST_MATH = YES;
				ONLY_ACTIVE_ARCH = NO;
				SDKROOT = macosx;
				SWIFT_COMPILATION_MODE = wholemodule;
			};
			name = Release;
		};
		CC5718282E201D8E0042BA88 /* Debug */ = {
			isa = XCBuildConfiguration;
			buildSettings = {
				ARCHS = "$(ARCHS_STANDARD)";
				ASSETCATALOG_COMPILER_APPICON_NAME = AppIcon;
				ASSETCATALOG_COMPILER_GLOBAL_ACCENT_COLOR_NAME = AccentColor;
				ASSETCATALOG_COMPILER_INCLUDE_ALL_APPICON_ASSETS = YES;
				CODE_SIGN_ENTITLEMENTS = audora/audora.entitlements;
				CODE_SIGN_IDENTITY = "Apple Development";
				CODE_SIGN_STYLE = Automatic;
				COMBINE_HIDPI_IMAGES = YES;
				CURRENT_PROJECT_VERSION = 1;
				DEVELOPMENT_ASSET_PATHS = "\"audora/Preview Content\"";
				DEVELOPMENT_TEAM = 3V2UU7RRK9;
				ENABLE_HARDENED_RUNTIME = YES;
				ENABLE_PREVIEWS = YES;
				GENERATE_INFOPLIST_FILE = YES;
				INFOPLIST_FILE = audora/Info.plist;
				INFOPLIST_KEY_NSCalendarsUsageDescription = "Audora uses your calendar to show upcoming meetings and make it easy to start recording them.";
				INFOPLIST_KEY_NSHumanReadableCopyright = "";
				INFOPLIST_KEY_NSMicrophoneUsageDescription = "Audora captures microphone audio for transcription. Mic following mode records your microphone ONLY when other apps are actively using it.";
				LD_RUNPATH_SEARCH_PATHS = (
					"$(inherited)",
					"@executable_path/../Frameworks",
				);
				MACOSX_DEPLOYMENT_TARGET = 15.0;
				MARKETING_VERSION = 0.0.1;
				ONLY_ACTIVE_ARCH = NO;
				OTHER_SWIFT_FLAGS = "$(inherited) -D ENABLE_TCC_SPI";
				PRODUCT_BUNDLE_IDENTIFIER = studio.orbitlabs.audora;
				PRODUCT_NAME = "$(TARGET_NAME)";
				PROVISIONING_PROFILE_SPECIFIER = "";
				SWIFT_EMIT_LOC_STRINGS = YES;
				SWIFT_VERSION = 5.0;
			};
			name = Debug;
		};
		CC5718292E201D8E0042BA88 /* Release */ = {
			isa = XCBuildConfiguration;
			buildSettings = {
				ARCHS = "$(ARCHS_STANDARD)";
				ASSETCATALOG_COMPILER_APPICON_NAME = AppIcon;
				ASSETCATALOG_COMPILER_GLOBAL_ACCENT_COLOR_NAME = AccentColor;
				ASSETCATALOG_COMPILER_INCLUDE_ALL_APPICON_ASSETS = YES;
				CODE_SIGN_ENTITLEMENTS = audora/audora.entitlements;
				CODE_SIGN_IDENTITY = "Apple Development";
				CODE_SIGN_STYLE = Automatic;
				COMBINE_HIDPI_IMAGES = YES;
				CURRENT_PROJECT_VERSION = 1;
				DEVELOPMENT_ASSET_PATHS = "\"audora/Preview Content\"";
				DEVELOPMENT_TEAM = 3V2UU7RRK9;
				ENABLE_HARDENED_RUNTIME = YES;
				ENABLE_PREVIEWS = YES;
				GENERATE_INFOPLIST_FILE = YES;
				INFOPLIST_FILE = audora/Info.plist;
				INFOPLIST_KEY_NSCalendarsUsageDescription = "Audora uses your calendar to show upcoming meetings and make it easy to start recording them.";
				INFOPLIST_KEY_NSHumanReadableCopyright = "";
				INFOPLIST_KEY_NSMicrophoneUsageDescription = "Audora captures microphone audio for transcription. Mic following mode records your microphone ONLY when other apps are actively using it.";
				LD_RUNPATH_SEARCH_PATHS = (
					"$(inherited)",
					"@executable_path/../Frameworks",
				);
				MACOSX_DEPLOYMENT_TARGET = 15.0;
				MARKETING_VERSION = 0.0.1;
				ONLY_ACTIVE_ARCH = YES;
				OTHER_SWIFT_FLAGS = "$(inherited) -D ENABLE_TCC_SPI";
				PRODUCT_BUNDLE_IDENTIFIER = studio.orbitlabs.audora;
				PRODUCT_NAME = "$(TARGET_NAME)";
				PROVISIONING_PROFILE_SPECIFIER = "";
				SWIFT_EMIT_LOC_STRINGS = YES;
				SWIFT_VERSION = 5.0;
			};
			name = Release;
		};
		D0A000000000000000000109 /* Debug */ = {
			isa = XCBuildConfiguration;
			buildSettings = {
				BUNDLE_LOADER = "$(TEST_HOST)";
				CODE_SIGN_STYLE = Automatic;
				CURRENT_PROJECT_VERSION = 1;
				DEVELOPMENT_TEAM = 3V2UU7RRK9;
				GENERATE_INFOPLIST_FILE = YES;
				MACOSX_DEPLOYMENT_TARGET = 15.0;
				MARKETING_VERSION = 0.0.1;
				PRODUCT_BUNDLE_IDENTIFIER = studio.orbitlabs.audoraTests;
				PRODUCT_NAME = "$(TARGET_NAME)";
				SWIFT_EMIT_LOC_STRINGS = NO;
				SWIFT_VERSION = 5.0;
				TEST_HOST = "$(BUILT_PRODUCTS_DIR)/audora.app/$(BUNDLE_EXECUTABLE_FOLDER_PATH)/audora";
			};
			name = Debug;
		};
		D0A00000000000000000010A /* Release */ = {
			isa = XCBuildConfiguration;
			buildSettings = {
				BUNDLE_LOADER = "$(TEST_HOST)";
				CODE_SIGN_STYLE = Automatic;
				CURRENT_PROJECT_VERSION = 1;
				DEVELOPMENT_TEAM = 3V2UU7RRK9;
				GENERATE_INFOPLIST_FILE = YES;
				MACOSX_DEPLOYMENT_TARGET = 15.0;
				MARKETING_VERSION = 0.0.1;
				PRODUCT_BUNDLE_IDENTIFIER = studio.orbitlabs.audoraTests;
				PRODUCT_NAME = "$(TARGET_NAME)";
				SWIFT_EMIT_LOC_STRINGS = NO;
				SWIFT_VERSION = 5.0;
				TEST_HOST = "$(BUILT_PRODUCTS_DIR)/audora.app/$(BUNDLE_EXECUTABLE_FOLDER_PATH)/audora";
			};
			name = Release;
		};
/* End XCBuildConfiguration section */

/* Begin XCConfigurationList section */
		CC5718132E201D8D0042BA88 /* Build configuration list for PBXProject "audora" */ = {
			isa = XCConfigurationList;
			buildConfigurations = (
				CC5718252E201D8E0042BA88 /* Debug */,
				CC5718262E201D8E0042BA88 /* Release */,
			);
			defaultConfigurationIsVisible = 0;
			defaultConfigurationName = Release;
		};
		CC5718272E201D8E0042BA88 /* Build configuration list for PBXNativeTarget "audora" */ = {
			isa = XCConfigurationList;
			buildConfigurations = (
				CC5718282E201D8E0042BA88 /* Debug */,
				CC5718292E201D8E0042BA88 /* Release */,
			);
			defaultConfigurationIsVisible = 0;
			defaultConfigurationName = Release;
		};
		D0A00000000000000000010B /* Build configuration list for PBXNativeTarget "audoraTests" */ = {
			isa = XCConfigurationList;
			buildConfigurations = (
				D0A000000000000000000109 /* Debug */,
				D0A00000000000000000010A /* Release */,
			);
			defaultConfigurationIsVisible = 0;
			defaultConfigurationName = Release;
		};
/* End XCConfigurationList section */

/* Begin XCRemoteSwiftPackageReference section */
		25E42AB22F12423000067344 /* XCRemoteSwiftPackageReference "convex-swift-clerk" */ = {
			isa = XCRemoteSwiftPackageReference;
			repositoryURL = "https://github.com/mellobirkan/convex-swift-clerk";
			requirement = {
				branch = main;
				kind = branch;
			};
		};
		C56DE0BC2EF38F5E00AB086D /* XCRemoteSwiftPackageReference "convex-swift" */ = {
			isa = XCRemoteSwiftPackageReference;
			repositoryURL = "https://github.com/get-convex/convex-swift";
			requirement = {
				kind = upToNextMajorVersion;
				minimumVersion = 0.7.0;
			};
		};
		CC5718362E2020490042BA88 /* XCRemoteSwiftPackageReference "OpenAI" */ = {
			isa = XCRemoteSwiftPackageReference;
			repositoryURL = "https://github.com/MacPaw/OpenAI";
			requirement = {
				kind = upToNextMajorVersion;
				minimumVersion = 0.4.4;
			};
		};
		CCBA53E52E212F1C00469D84 /* XCRemoteSwiftPackageReference "Sparkle" */ = {
			isa = XCRemoteSwiftPackageReference;
			repositoryURL = "https://github.com/sparkle-project/Sparkle.git";
			requirement = {
				kind = upToNextMajorVersion;
				minimumVersion = 2.7.1;
			};
		};
		CCC33F7F2E236B6F00EDE382 /* XCRemoteSwiftPackageReference "posthog-ios" */ = {
			isa = XCRemoteSwiftPackageReference;
			repositoryURL = "https://github.com/PostHog/posthog-ios.git";
			requirement = {
				kind = upToNextMajorVersion;
				minimumVersion = 3.28.2;
			};
		};
/* End XCRemoteSwiftPackageReference section */

/* Begin XCSwiftPackageProductDependency section */
		25E42AB32F12423000067344 /* ConvexClerk */ = {
			isa = XCSwiftPackageProductDependency;
			package = 25E42AB22F12423000067344 /* XCRemoteSwiftPackageReference "convex-swift-clerk" */;
			productName = ConvexClerk;
		};
		C56DE0BD2EF38F5E00AB086D /* ConvexMobile */ = {
			isa = XCSwiftPackageProductDependency;
			package = C56DE0BC2EF38F5E00AB086D /* XCRemoteSwiftPackageReference "convex-swift" */;
			productName = ConvexMobile;
		};
		CC5718372E2020490042BA88 /* OpenAI */ = {
			isa = XCSwiftPackageProductDependency;
			package = CC5718362E2020490042BA88 /* XCRemoteSwiftPackageReference "OpenAI" */;
			productName = OpenAI;
		};
		CCBA53E62E212F1C00469D84 /* Sparkle */ = {
			isa = XCSwiftPackageProductDependency;
			package = CCBA53E52E212F1C00469D84 /* XCRemoteSwiftPackageReference "Sparkle" */;
			productName = Sparkle;
		};
		CCC33F802E236B6F00EDE382 /* PostHog */ = {
			isa = XCSwiftPackageProductDependency;
			package = CCC33F7F2E236B6F00EDE382 /* XCRemoteSwiftPackageReference "posthog-ios" */;
			productName = PostHog;
		};
/* End XCSwiftPackageProductDependency section */
	};
	rootObject = CC5718102E201D8D0042BA88 /* Project object */;
}
